
Microsoft Visual Studio Solution File, Format Version 12.00
# Visual Studio Version 16
VisualStudioVersion = 16.0.31205.134
MinimumVisualStudioVersion = 10.0.40219.1
Project("{FAE04EC0-301F-11D3-BF4B-00C04F79EFBC}") = "Combinator3000", "Combinator3000.csproj", "{4EF85B88-9ED3-492C-A916-54831D9BCC88}"
EndProject
Global
	GlobalSection(SolutionConfigurationPlatforms) = preSolution
		Debug|Any CPU = Debug|Any CPU
		Release|Any CPU = Release|Any CPU
	EndGlobalSection
	GlobalSection(ProjectConfigurationPlatforms) = postSolution
		{4EF85B88-9ED3-492C-A916-54831D9BCC88}.Debug|Any CPU.ActiveCfg = Debug|Any CPU
		{4EF85B88-9ED3-492C-A916-54831D9BCC88}.Debug|Any CPU.Build.0 = Debug|Any CPU
		{4EF85B88-9ED3-492C-A916-54831D9BCC88}.Release|Any CPU.ActiveCfg = Release|Any CPU
		{4EF85B88-9ED3-492C-A916-54831D9BCC88}.Release|Any CPU.Build.0 = Release|Any CPU
	EndGlobalSection
	GlobalSection(SolutionProperties) = preSolution
		HideSolutionNode = FALSE
	EndGlobalSection
	GlobalSection(ExtensibilityGlobals) = postSolution
		SolutionGuid = {695EF177-4A1A-4A98-8BC3-E469614DB9D8}
	EndGlobalSection
EndGlobal
